
Microsoft Visual Studio Solution File, Format Version 12.00
# Visual Studio 2015
Project("{FAE04EC0-301F-11D3-BF4B-00C04F79EFBC}") = "Coloring3D.CSharp", "Coloring3D.CSharp.csproj", "{4C9D1B9B-B3F9-7D4A-27AA-6E2739AE70AD}"
EndProject
Project("{FAE04EC0-301F-11D3-BF4B-00C04F79EFBC}") = "Coloring3D.CSharp.Editor", "Coloring3D.CSharp.Editor.csproj", "{684AD97D-30E4-BC3A-0D9D-796E53194FE6}"
EndProject
Global
	GlobalSection(SolutionConfigurationPlatforms) = preSolution
		Debug|Any CPU = Debug|Any CPU
		Release|Any CPU = Release|Any CPU
	EndGlobalSection
	GlobalSection(ProjectConfigurationPlatforms) = postSolution
		{4C9D1B9B-B3F9-7D4A-27AA-6E2739AE70AD}.Debug|Any CPU.ActiveCfg = Debug|Any CPU
		{4C9D1B9B-B3F9-7D4A-27AA-6E2739AE70AD}.Debug|Any CPU.Build.0 = Debug|Any CPU
		{4C9D1B9B-B3F9-7D4A-27AA-6E2739AE70AD}.Release|Any CPU.ActiveCfg = Release|Any CPU
		{4C9D1B9B-B3F9-7D4A-27AA-6E2739AE70AD}.Release|Any CPU.Build.0 = Release|Any CPU
		{684AD97D-30E4-BC3A-0D9D-796E53194FE6}.Debug|Any CPU.ActiveCfg = Debug|Any CPU
		{684AD97D-30E4-BC3A-0D9D-796E53194FE6}.Debug|Any CPU.Build.0 = Debug|Any CPU
		{684AD97D-30E4-BC3A-0D9D-796E53194FE6}.Release|Any CPU.ActiveCfg = Release|Any CPU
		{684AD97D-30E4-BC3A-0D9D-796E53194FE6}.Release|Any CPU.Build.0 = Release|Any CPU
	EndGlobalSection
	GlobalSection(SolutionProperties) = preSolution
		HideSolutionNode = FALSE
	EndGlobalSection
EndGlobal
