
Microsoft Visual Studio Solution File, Format Version 11.00
# Visual Studio 2010
Project("{FAE04EC0-301F-11D3-BF4B-00C04F79EFBC}") = "Assembly-CSharp", "Assembly-CSharp.csproj", "{59C982B0-C211-0A2E-39A2-CB8185E9F438}"
EndProject
Project("{FAE04EC0-301F-11D3-BF4B-00C04F79EFBC}") = "Assembly-CSharp-Editor", "Assembly-CSharp-Editor.csproj", "{421F0D76-343F-D270-E903-118B5B8BB5FD}"
EndProject
Global
	GlobalSection(SolutionConfigurationPlatforms) = preSolution
		Debug|Any CPU = Debug|Any CPU
		Release|Any CPU = Release|Any CPU
	EndGlobalSection
	GlobalSection(ProjectConfigurationPlatforms) = postSolution
		{59C982B0-C211-0A2E-39A2-CB8185E9F438}.Debug|Any CPU.ActiveCfg = Debug|Any CPU
		{59C982B0-C211-0A2E-39A2-CB8185E9F438}.Debug|Any CPU.Build.0 = Debug|Any CPU
		{59C982B0-C211-0A2E-39A2-CB8185E9F438}.Release|Any CPU.ActiveCfg = Release|Any CPU
		{59C982B0-C211-0A2E-39A2-CB8185E9F438}.Release|Any CPU.Build.0 = Release|Any CPU
		{421F0D76-343F-D270-E903-118B5B8BB5FD}.Debug|Any CPU.ActiveCfg = Debug|Any CPU
		{421F0D76-343F-D270-E903-118B5B8BB5FD}.Debug|Any CPU.Build.0 = Debug|Any CPU
		{421F0D76-343F-D270-E903-118B5B8BB5FD}.Release|Any CPU.ActiveCfg = Release|Any CPU
		{421F0D76-343F-D270-E903-118B5B8BB5FD}.Release|Any CPU.Build.0 = Release|Any CPU
	EndGlobalSection
	GlobalSection(SolutionProperties) = preSolution
		HideSolutionNode = FALSE
	EndGlobalSection
EndGlobal
